
Microsoft Visual Studio Solution File, Format Version 12.00
# Visual Studio Version 16
VisualStudioVersion = 16.0.31515.178
MinimumVisualStudioVersion = 10.0.40219.1
Project("{FAE04EC0-301F-11D3-BF4B-00C04F79EFBC}") = "LANUWA", "LANUWA.csproj", "{66BBA33A-2207-46BB-B997-3BE65F8E061D}"
EndProject
Global
	GlobalSection(SolutionConfigurationPlatforms) = preSolution
		Debug|Any CPU = Debug|Any CPU
		Release|Any CPU = Release|Any CPU
	EndGlobalSection
	GlobalSection(ProjectConfigurationPlatforms) = postSolution
		{66BBA33A-2207-46BB-B997-3BE65F8E061D}.Debug|Any CPU.ActiveCfg = Debug|Any CPU
		{66BBA33A-2207-46BB-B997-3BE65F8E061D}.Debug|Any CPU.Build.0 = Debug|Any CPU
		{66BBA33A-2207-46BB-B997-3BE65F8E061D}.Release|Any CPU.ActiveCfg = Release|Any CPU
		{66BBA33A-2207-46BB-B997-3BE65F8E061D}.Release|Any CPU.Build.0 = Release|Any CPU
	EndGlobalSection
	GlobalSection(SolutionProperties) = preSolution
		HideSolutionNode = FALSE
	EndGlobalSection
	GlobalSection(ExtensibilityGlobals) = postSolution
		SolutionGuid = {742A84B7-19FB-486B-AA82-4858E3838D84}
	EndGlobalSection
EndGlobal
